// !$*UTF8*$!
{
	archiveVersion = 1;
	classes = {
	};
	objectVersion = 48;
	objects = {

/* Begin PBXBuildFile section */
		98EF068B20ECFEB400BCDB93 /* AppDelegate.m in Sources */ = {isa = PBXBuildFile; fileRef = 98EF068A20ECFEB400BCDB93 /* AppDelegate.m */; };
		98EF068E20ECFEB400BCDB93 /* ViewController.m in Sources */ = {isa = PBXBuildFile; fileRef = 98EF068D20ECFEB400BCDB93 /* ViewController.m */; };
		98EF069120ECFEB400BCDB93 /* Main.storyboard in Resources */ = {isa = PBXBuildFile; fileRef = 98EF068F20ECFEB400BCDB93 /* Main.storyboard */; };
		98EF069320ECFEB400BCDB93 /* Assets.xcassets in Resources */ = {isa = PBXBuildFile; fileRef = 98EF069220ECFEB400BCDB93 /* Assets.xcassets */; };
		98EF069620ECFEB400BCDB93 /* LaunchScreen.storyboard in Resources */ = {isa = PBXBuildFile; fileRef = 98EF069420ECFEB400BCDB93 /* LaunchScreen.storyboard */; };
		98EF069920ECFEB400BCDB93 /* main.m in Sources */ = {isa = PBXBuildFile; fileRef = 98EF069820ECFEB400BCDB93 /* main.m */; };
		98EF06A020ECFF2600BCDB93 /* Algs in Resources */ = {isa = PBXBuildFile; fileRef = 98EF069F20ECFF2600BCDB93 /* Algs */; };
/* End PBXBuildFile section */

/* Begin PBXFileReference section */
		98EF068620ECFEB400BCDB93 /* Algorithms.app */ = {isa = PBXFileReference; explicitFileType = wrapper.application; includeInIndex = 0; path = Algorithms.app; sourceTree = BUILT_PRODUCTS_DIR; };
		98EF068920ECFEB400BCDB93 /* AppDelegate.h */ = {isa = PBXFileReference; lastKnownFileType = sourcecode.c.h; path = AppDelegate.h; sourceTree = "<group>"; };
		98EF068A20ECFEB400BCDB93 /* AppDelegate.m */ = {isa = PBXFileReference; lastKnownFileType = sourcecode.c.objc; path = AppDelegate.m; sourceTree = "<group>"; };
		98EF068C20ECFEB400BCDB93 /* ViewController.h */ = {isa = PBXFileReference; lastKnownFileType = sourcecode.c.h; path = ViewController.h; sourceTree = "<group>"; };
		98EF068D20ECFEB400BCDB93 /* ViewController.m */ = {isa = PBXFileReference; lastKnownFileType = sourcecode.c.objc; path = ViewController.m; sourceTree = "<group>"; };
		98EF069020ECFEB400BCDB93 /* Base */ = {isa = PBXFileReference; lastKnownFileType = file.storyboard; name = Base; path = Base.lproj/Main.storyboard; sourceTree = "<group>"; };
		98EF069220ECFEB400BCDB93 /* Assets.xcassets */ = {isa = PBXFileReference; lastKnownFileType = folder.assetcatalog; path = Assets.xcassets; sourceTree = "<group>"; };
		98EF069520ECFEB400BCDB93 /* Base */ = {isa = PBXFileReference; lastKnownFileType = file.storyboard; name = Base; path = Base.lproj/LaunchScreen.storyboard; sourceTree = "<group>"; };
		98EF069720ECFEB400BCDB93 /* Info.plist */ = {isa = PBXFileReference; lastKnownFileType = text.plist.xml; path = Info.plist; sourceTree = "<group>"; };
		98EF069820ECFEB400BCDB93 /* main.m */ = {isa = PBXFileReference; lastKnownFileType = sourcecode.c.objc; path = main.m; sourceTree = "<group>"; };
		98EF069F20ECFF2600BCDB93 /* Algs */ = {isa = PBXFileReference; lastKnownFileType = folder; path = Algs; sourceTree = "<group>"; };
/* End PBXFileReference section */

/* Begin PBXFrameworksBuildPhase section */
		98EF068320ECFEB400BCDB93 /* Frameworks */ = {
			isa = PBXFrameworksBuildPhase;
			buildActionMask = 2147483647;
			files = (
			);
			runOnlyForDeploymentPostprocessing = 0;
		};
/* End PBXFrameworksBuildPhase section */

/* Begin PBXGroup section */
		98EF067D20ECFEB400BCDB93 = {
			isa = PBXGroup;
			children = (
				98EF068820ECFEB400BCDB93 /* Algorithms */,
				98EF068720ECFEB400BCDB93 /* Products */,
			);
			sourceTree = "<group>";
		};
		98EF068720ECFEB400BCDB93 /* Products */ = {
			isa = PBXGroup;
			children = (
				98EF068620ECFEB400BCDB93 /* Algorithms.app */,
			);
			name = Products;
			sourceTree = "<group>";
		};
		98EF068820ECFEB400BCDB93 /* Algorithms */ = {
			isa = PBXGroup;
			children = (
				98EF068920ECFEB400BCDB93 /* AppDelegate.h */,
				98EF068A20ECFEB400BCDB93 /* AppDelegate.m */,
				98EF068C20ECFEB400BCDB93 /* ViewController.h */,
				98EF068D20ECFEB400BCDB93 /* ViewController.m */,
				98EF068F20ECFEB400BCDB93 /* Main.storyboard */,
				98EF069220ECFEB400BCDB93 /* Assets.xcassets */,
				98EF069420ECFEB400BCDB93 /* LaunchScreen.storyboard */,
				98EF069720ECFEB400BCDB93 /* Info.plist */,
				98EF069820ECFEB400BCDB93 /* main.m */,
				98EF069F20ECFF2600BCDB93 /* Algs */,
			);
			path = Algorithms;
			sourceTree = "<group>";
		};
/* End PBXGroup section */

/* Begin PBXNativeTarget section */
		98EF068520ECFEB400BCDB93 /* Algorithms */ = {
			isa = PBXNativeTarget;
			buildConfigurationList = 98EF069C20ECFEB400BCDB93 /* Build configuration list for PBXNativeTarget "Algorithms" */;
			buildPhases = (
				98EF068220ECFEB400BCDB93 /* Sources */,
				98EF068320ECFEB400BCDB93 /* Frameworks */,
				98EF068420ECFEB400BCDB93 /* Resources */,
			);
			buildRules = (
			);
			dependencies = (
			);
			name = Algorithms;
			productName = Algorithms;
			productReference = 98EF068620ECFEB400BCDB93 /* Algorithms.app */;
			productType = "com.apple.product-type.application";
		};
/* End PBXNativeTarget section */

/* Begin PBXProject section */
		98EF067E20ECFEB400BCDB93 /* Project object */ = {
			isa = PBXProject;
			attributes = {
				LastUpgradeCheck = 0920;
				ORGANIZATIONNAME = ekvy;
				TargetAttributes = {
					98EF068520ECFEB400BCDB93 = {
						CreatedOnToolsVersion = 9.2;
						ProvisioningStyle = Automatic;
					};
				};
			};
			buildConfigurationList = 98EF068120ECFEB400BCDB93 /* Build configuration list for PBXProject "Algorithms" */;
			compatibilityVersion = "Xcode 8.0";
			developmentRegion = en;
			hasScannedForEncodings = 0;
			knownRegions = (
				en,
				Base,
			);
			mainGroup = 98EF067D20ECFEB400BCDB93;
			productRefGroup = 98EF068720ECFEB400BCDB93 /* Products */;
			projectDirPath = "";
			projectRoot = "";
			targets = (
				98EF068520ECFEB400BCDB93 /* Algorithms */,
			);
		};
/* End PBXProject section */

/* Begin PBXResourcesBuildPhase section */
		98EF068420ECFEB400BCDB93 /* Resources */ = {
			isa = PBXResourcesBuildPhase;
			buildActionMask = 2147483647;
			files = (
				98EF069620ECFEB400BCDB93 /* LaunchScreen.storyboard in Resources */,
				98EF069320ECFEB400BCDB93 /* Assets.xcassets in Resources */,
				98EF069120ECFEB400BCDB93 /* Main.storyboard in Resources */,
				98EF06A020ECFF2600BCDB93 /* Algs in Resources */,
			);
			runOnlyForDeploymentPostprocessing = 0;
		};
/* End PBXResourcesBuildPhase section */

/* Begin PBXSourcesBuildPhase section */
		98EF068220ECFEB400BCDB93 /* Sources */ = {
			isa = PBXSourcesBuildPhase;
			buildActionMask = 2147483647;
			files = (
				98EF068E20ECFEB400BCDB93 /* ViewController.m in Sources */,
				98EF069920ECFEB400BCDB93 /* main.m in Sources */,
				98EF068B20ECFEB400BCDB93 /* AppDelegate.m in Sources */,
			);
			runOnlyForDeploymentPostprocessing = 0;
		};
/* End PBXSourcesBuildPhase section */

/* Begin PBXVariantGroup section */
		98EF068F20ECFEB400BCDB93 /* Main.storyboard */ = {
			isa = PBXVariantGroup;
			children = (
				98EF069020ECFEB400BCDB93 /* Base */,
			);
			name = Main.storyboard;
			sourceTree = "<group>";
		};
		98EF069420ECFEB400BCDB93 /* LaunchScreen.storyboard */ = {
			isa = PBXVariantGroup;
			children = (
				98EF069520ECFEB400BCDB93 /* Base */,
			);
			name = LaunchScreen.storyboard;
			sourceTree = "<group>";
		};
/* End PBXVariantGroup section */

/* Begin XCBuildConfiguration section */
		98EF069A20ECFEB400BCDB93 /* Debug */ = {
			isa = XCBuildConfiguration;
			buildSettings = {
				ALWAYS_SEARCH_USER_PATHS = NO;
				CLANG_ANALYZER_NONNULL = YES;
				CLANG_ANALYZER_NUMBER_OBJECT_CONVERSION = YES_AGGRESSIVE;
				CLANG_CXX_LANGUAGE_STANDARD = "gnu++14";
				CLANG_CXX_LIBRARY = "libc++";
				CLANG_ENABLE_MODULES = YES;
				CLANG_ENABLE_OBJC_ARC = YES;
				CLANG_WARN_BLOCK_CAPTURE_AUTORELEASING = YES;
				CLANG_WARN_BOOL_CONVERSION = YES;
				CLANG_WARN_COMMA = YES;
				CLANG_WARN_CONSTANT_CONVERSION = YES;
				CLANG_WARN_DIRECT_OBJC_ISA_USAGE = YES_ERROR;
				CLANG_WARN_DOCUMENTATION_COMMENTS = YES;
				CLANG_WARN_EMPTY_BODY = YES;
				CLANG_WARN_ENUM_CONVERSION = YES;
				CLANG_WARN_INFINITE_RECURSION = YES;
				CLANG_WARN_INT_CONVERSION = YES;
				CLANG_WARN_NON_LITERAL_NULL_CONVERSION = YES;
				CLANG_WARN_OBJC_LITERAL_CONVERSION = YES;
				CLANG_WARN_OBJC_ROOT_CLASS = YES_ERROR;
				CLANG_WARN_RANGE_LOOP_ANALYSIS = YES;
				CLANG_WARN_STRICT_PROTOTYPES = YES;
				CLANG_WARN_SUSPICIOUS_MOVE = YES;
				CLANG_WARN_UNGUARDED_AVAILABILITY = YES_AGGRESSIVE;
				CLANG_WARN_UNREACHABLE_CODE = YES;
				CLANG_WARN__DUPLICATE_METHOD_MATCH = YES;
				CODE_SIGN_IDENTITY = "iPhone Developer";
				COPY_PHASE_STRIP = NO;
				DEBUG_INFORMATION_FORMAT = dwarf;
				ENABLE_STRICT_OBJC_MSGSEND = YES;
				ENABLE_TESTABILITY = YES;
				GCC_C_LANGUAGE_STANDARD = gnu11;
				GCC_DYNAMIC_NO_PIC = NO;
				GCC_NO_COMMON_BLOCKS = YES;
				GCC_OPTIMIZATION_LEVEL = 0;
				GCC_PREPROCESSOR_DEFINITIONS = (
					"DEBUG=1",
					"$(inherited)",
				);
				GCC_WARN_64_TO_32_BIT_CONVERSION = YES;
				GCC_WARN_ABOUT_RETURN_TYPE = YES_ERROR;
				GCC_WARN_UNDECLARED_SELECTOR = YES;
				GCC_WARN_UNINITIALIZED_AUTOS = YES_AGGRESSIVE;
				GCC_WARN_UNUSED_FUNCTION = YES;
				GCC_WARN_UNUSED_VARIABLE = YES;
				IPHONEOS_DEPLOYMENT_TARGET = 11.2;
				MTL_ENABLE_DEBUG_INFO = YES;
				ONLY_ACTIVE_ARCH = YES;
				SDKROOT = iphoneos;
			};
			name = Debug;
		};
		98EF069B20ECFEB400BCDB93 /* Release */ = {
			isa = XCBuildConfiguration;
			buildSettings = {
				ALWAYS_SEARCH_USER_PATHS = NO;
				CLANG_ANALYZER_NONNULL = YES;
				CLANG_ANALYZER_NUMBER_OBJECT_CONVERSION = YES_AGGRESSIVE;
				CLANG_CXX_LANGUAGE_STANDARD = "gnu++14";
				CLANG_CXX_LIBRARY = "libc++";
				CLANG_ENABLE_MODULES = YES;
				CLANG_ENABLE_OBJC_ARC = YES;
				CLANG_WARN_BLOCK_CAPTURE_AUTORELEASING = YES;
				CLANG_WARN_BOOL_CONVERSION = YES;
				CLANG_WARN_COMMA = YES;
				CLANG_WARN_CONSTANT_CONVERSION = YES;
				CLANG_WARN_DIRECT_OBJC_ISA_USAGE = YES_ERROR;
				CLANG_WARN_DOCUMENTATION_COMMENTS = YES;
				CLANG_WARN_EMPTY_BODY = YES;
				CLANG_WARN_ENUM_CONVERSION = YES;
				CLANG_WARN_INFINITE_RECURSION = YES;
				CLANG_WARN_INT_CONVERSION = YES;
				CLANG_WARN_NON_LITERAL_NULL_CONVERSION = YES;
				CLANG_WARN_OBJC_LITERAL_CONVERSION = YES;
				CLANG_WARN_OBJC_ROOT_CLASS = YES_ERROR;
				CLANG_WARN_RANGE_LOOP_ANALYSIS = YES;
				CLANG_WARN_STRICT_PROTOTYPES = YES;
				CLANG_WARN_SUSPICIOUS_MOVE = YES;
				CLANG_WARN_UNGUARDED_AVAILABILITY = YES_AGGRESSIVE;
				CLANG_WARN_UNREACHABLE_CODE = YES;
				CLANG_WARN__DUPLICATE_METHOD_MATCH = YES;
				CODE_SIGN_IDENTITY = "iPhone Developer";
				COPY_PHASE_STRIP = NO;
				DEBUG_INFORMATION_FORMAT = "dwarf-with-dsym";
				ENABLE_NS_ASSERTIONS = NO;
				ENABLE_STRICT_OBJC_MSGSEND = YES;
				GCC_C_LANGUAGE_STANDARD = gnu11;
				GCC_NO_COMMON_BLOCKS = YES;
				GCC_WARN_64_TO_32_BIT_CONVERSION = YES;
				GCC_WARN_ABOUT_RETURN_TYPE = YES_ERROR;
				GCC_WARN_UNDECLARED_SELECTOR = YES;
				GCC_WARN_UNINITIALIZED_AUTOS = YES_AGGRESSIVE;
				GCC_WARN_UNUSED_FUNCTION = YES;
				GCC_WARN_UNUSED_VARIABLE = YES;
				IPHONEOS_DEPLOYMENT_TARGET = 11.2;
				MTL_ENABLE_DEBUG_INFO = NO;
				SDKROOT = iphoneos;
				VALIDATE_PRODUCT = YES;
			};
			name = Release;
		};
		98EF069D20ECFEB400BCDB93 /* Debug */ = {
			isa = XCBuildConfiguration;
			buildSettings = {
				ASSETCATALOG_COMPILER_APPICON_NAME = AppIcon;
				CODE_SIGN_STYLE = Automatic;
				INFOPLIST_FILE = Algorithms/Info.plist;
				LD_RUNPATH_SEARCH_PATHS = "$(inherited) @executable_path/Frameworks";
				PRODUCT_BUNDLE_IDENTIFIER = com.ekvy.Algorithms;
				PRODUCT_NAME = "$(TARGET_NAME)";
				TARGETED_DEVICE_FAMILY = "1,2";
			};
			name = Debug;
		};
		98EF069E20ECFEB400BCDB93 /* Release */ = {
			isa = XCBuildConfiguration;
			buildSettings = {
				ASSETCATALOG_COMPILER_APPICON_NAME = AppIcon;
				CODE_SIGN_STYLE = Automatic;
				INFOPLIST_FILE = Algorithms/Info.plist;
				LD_RUNPATH_SEARCH_PATHS = "$(inherited) @executable_path/Frameworks";
				PRODUCT_BUNDLE_IDENTIFIER = com.ekvy.Algorithms;
				PRODUCT_NAME = "$(TARGET_NAME)";
				TARGETED_DEVICE_FAMILY = "1,2";
			};
			name = Release;
		};
/* End XCBuildConfiguration section */

/* Begin XCConfigurationList section */
		98EF068120ECFEB400BCDB93 /* Build configuration list for PBXProject "Algorithms" */ = {
			isa = XCConfigurationList;
			buildConfigurations = (
				98EF069A20ECFEB400BCDB93 /* Debug */,
				98EF069B20ECFEB400BCDB93 /* Release */,
			);
			defaultConfigurationIsVisible = 0;
			defaultConfigurationName = Release;
		};
		98EF069C20ECFEB400BCDB93 /* Build configuration list for PBXNativeTarget "Algorithms" */ = {
			isa = XCConfigurationList;
			buildConfigurations = (
				98EF069D20ECFEB400BCDB93 /* Debug */,
				98EF069E20ECFEB400BCDB93 /* Release */,
			);
			defaultConfigurationIsVisible = 0;
			defaultConfigurationName = Release;
		};
/* End XCConfigurationList section */
	};
	rootObject = 98EF067E20ECFEB400BCDB93 /* Project object */;
}
